{
  "nodes": {
    "nixos-stable": {
      "locked": {
        "lastModified": 1722372011,
        "narHash": "sha256-B2xRiC3NEJy/82ugtareBkRqEkPGpMyjaLxaR8LBxNs=",
        "owner": "NixOS",
        "repo": "nixpkgs",
        "rev": "cf05eeada35e122770c5c14add958790fcfcbef5",
        "type": "github"
      },
      "original": {
        "owner": "NixOS",
        "ref": "nixos-24.05",
        "repo": "nixpkgs",
        "type": "github"
      }
    },
    "nixos-unstable": {
      "locked": {
        "lastModified": 1722582943,
        "narHash": "sha256-PAzeUUnBcWwzHRiOovsaxEFiqUxu6Li1SSlLabkayJA=",
        "owner": "Mic92",
        "repo": "nixpkgs",
        "rev": "013b662a4433803218c5587f5e301d213d9aae0c",
        "type": "github"
      },
      "original": {
        "owner": "Mic92",
        "ref": "iproute2",
        "repo": "nixpkgs",
        "type": "github"
      }
    },
    "root": {
      "inputs": {
        "nixos-stable": "nixos-stable",
        "nixos-unstable": "nixos-unstable"
      }
    }
  },
  "root": "root",
  "version": 7
}
